
Microsoft Visual Studio Solution File, Format Version 12.00
# Visual Studio 2012
Project("{FAE04EC0-301F-11D3-BF4B-00C04F79EFBC}") = "CookieTempDataClient", "CookieTempDataClient\CookieTempDataClient.csproj", "{E7471BD3-3A4B-4FC4-806C-D4BD4260FF98}"
EndProject
Project("{FAE04EC0-301F-11D3-BF4B-00C04F79EFBC}") = "BrockAllen.CookieTempData", "BrockAllen.CookieTempData\BrockAllen.CookieTempData.csproj", "{91CDA80A-5D9D-45EB-A587-2C693DEFCA4A}"
EndProject
Project("{2150E333-8FDC-42A3-9474-1A3956D46DE8}") = "Solution Items", "Solution Items", "{B88B6C88-6277-40BB-89AA-E714228CA3AF}"
	ProjectSection(SolutionItems) = preProject
		readme = readme
	EndProjectSection
EndProject
Global
	GlobalSection(SolutionConfigurationPlatforms) = preSolution
		Debug|Any CPU = Debug|Any CPU
		Release|Any CPU = Release|Any CPU
	EndGlobalSection
	GlobalSection(ProjectConfigurationPlatforms) = postSolution
		{91CDA80A-5D9D-45EB-A587-2C693DEFCA4A}.Debug|Any CPU.ActiveCfg = Debug|Any CPU
		{91CDA80A-5D9D-45EB-A587-2C693DEFCA4A}.Debug|Any CPU.Build.0 = Debug|Any CPU
		{91CDA80A-5D9D-45EB-A587-2C693DEFCA4A}.Release|Any CPU.ActiveCfg = Release|Any CPU
		{91CDA80A-5D9D-45EB-A587-2C693DEFCA4A}.Release|Any CPU.Build.0 = Release|Any CPU
		{E7471BD3-3A4B-4FC4-806C-D4BD4260FF98}.Debug|Any CPU.ActiveCfg = Debug|Any CPU
		{E7471BD3-3A4B-4FC4-806C-D4BD4260FF98}.Debug|Any CPU.Build.0 = Debug|Any CPU
		{E7471BD3-3A4B-4FC4-806C-D4BD4260FF98}.Release|Any CPU.ActiveCfg = Release|Any CPU
		{E7471BD3-3A4B-4FC4-806C-D4BD4260FF98}.Release|Any CPU.Build.0 = Release|Any CPU
	EndGlobalSection
	GlobalSection(SolutionProperties) = preSolution
		HideSolutionNode = FALSE
	EndGlobalSection
EndGlobal
